// !$*UTF8*$!
{
	archiveVersion = 1;
	classes = {
	};
	objectVersion = 46;
	objects = {

/* Begin PBXBuildFile section */
		325E78611D59C22300BF53B4 /* AppDelegate.swift in Sources */ = {isa = PBXBuildFile; fileRef = 325E78601D59C22300BF53B4 /* AppDelegate.swift */; };
		325E78631D59C22300BF53B4 /* GameScene.sks in Resources */ = {isa = PBXBuildFile; fileRef = 325E78621D59C22300BF53B4 /* GameScene.sks */; };
		325E78651D59C22300BF53B4 /* GameScene.swift in Sources */ = {isa = PBXBuildFile; fileRef = 325E78641D59C22300BF53B4 /* GameScene.swift */; };
		325E78671D59C22300BF53B4 /* GameViewController.swift in Sources */ = {isa = PBXBuildFile; fileRef = 325E78661D59C22300BF53B4 /* GameViewController.swift */; };
		325E786A1D59C22300BF53B4 /* Main.storyboard in Resources */ = {isa = PBXBuildFile; fileRef = 325E78681D59C22300BF53B4 /* Main.storyboard */; };
		325E786C1D59C22300BF53B4 /* Assets.xcassets in Resources */ = {isa = PBXBuildFile; fileRef = 325E786B1D59C22300BF53B4 /* Assets.xcassets */; };
		325E786F1D59C22300BF53B4 /* LaunchScreen.storyboard in Resources */ = {isa = PBXBuildFile; fileRef = 325E786D1D59C22300BF53B4 /* LaunchScreen.storyboard */; };
		325F57211D59C74700D9AA89 /* AppDelegate.swift in Sources */ = {isa = PBXBuildFile; fileRef = 325F57201D59C74700D9AA89 /* AppDelegate.swift */; };
		325F57231D59C74700D9AA89 /* GameScene.sks in Resources */ = {isa = PBXBuildFile; fileRef = 325F57221D59C74700D9AA89 /* GameScene.sks */; };
		325F57251D59C74700D9AA89 /* GameScene.swift in Sources */ = {isa = PBXBuildFile; fileRef = 325F57241D59C74700D9AA89 /* GameScene.swift */; };
		325F57271D59C74700D9AA89 /* GameViewController.swift in Sources */ = {isa = PBXBuildFile; fileRef = 325F57261D59C74700D9AA89 /* GameViewController.swift */; };
		325F57291D59C74700D9AA89 /* Game.xcassets in Resources */ = {isa = PBXBuildFile; fileRef = 325F57281D59C74700D9AA89 /* Game.xcassets */; };
		325F572C1D59C74700D9AA89 /* Main.storyboard in Resources */ = {isa = PBXBuildFile; fileRef = 325F572A1D59C74700D9AA89 /* Main.storyboard */; };
		325F572E1D59C74800D9AA89 /* Assets.xcassets in Resources */ = {isa = PBXBuildFile; fileRef = 325F572D1D59C74800D9AA89 /* Assets.xcassets */; };
		32E1B7391D59C4CC0014AA26 /* AppDelegate.swift in Sources */ = {isa = PBXBuildFile; fileRef = 32E1B7381D59C4CC0014AA26 /* AppDelegate.swift */; };
		32E1B73B1D59C4CC0014AA26 /* GameScene.swift in Sources */ = {isa = PBXBuildFile; fileRef = 32E1B73A1D59C4CC0014AA26 /* GameScene.swift */; };
		32E1B73D1D59C4CC0014AA26 /* GameScene.sks in Resources */ = {isa = PBXBuildFile; fileRef = 32E1B73C1D59C4CC0014AA26 /* GameScene.sks */; };
		32E1B73F1D59C4CC0014AA26 /* Assets.xcassets in Resources */ = {isa = PBXBuildFile; fileRef = 32E1B73E1D59C4CC0014AA26 /* Assets.xcassets */; };
		32E1B7421D59C4CC0014AA26 /* MainMenu.xib in Resources */ = {isa = PBXBuildFile; fileRef = 32E1B7401D59C4CC0014AA26 /* MainMenu.xib */; };
/* End PBXBuildFile section */

/* Begin PBXFileReference section */
		325E785D1D59C22300BF53B4 /* Trials of the Secret Garden.app */ = {isa = PBXFileReference; explicitFileType = wrapper.application; includeInIndex = 0; path = "Trials of the Secret Garden.app"; sourceTree = BUILT_PRODUCTS_DIR; };
		325E78601D59C22300BF53B4 /* AppDelegate.swift */ = {isa = PBXFileReference; lastKnownFileType = sourcecode.swift; path = AppDelegate.swift; sourceTree = "<group>"; };
		325E78621D59C22300BF53B4 /* GameScene.sks */ = {isa = PBXFileReference; lastKnownFileType = file.sks; path = GameScene.sks; sourceTree = "<group>"; };
		325E78641D59C22300BF53B4 /* GameScene.swift */ = {isa = PBXFileReference; lastKnownFileType = sourcecode.swift; path = GameScene.swift; sourceTree = "<group>"; };
		325E78661D59C22300BF53B4 /* GameViewController.swift */ = {isa = PBXFileReference; lastKnownFileType = sourcecode.swift; path = GameViewController.swift; sourceTree = "<group>"; };
		325E78691D59C22300BF53B4 /* Base */ = {isa = PBXFileReference; lastKnownFileType = file.storyboard; name = Base; path = Base.lproj/Main.storyboard; sourceTree = "<group>"; };
		325E786B1D59C22300BF53B4 /* Assets.xcassets */ = {isa = PBXFileReference; lastKnownFileType = folder.assetcatalog; path = Assets.xcassets; sourceTree = "<group>"; };
		325E786E1D59C22300BF53B4 /* Base */ = {isa = PBXFileReference; lastKnownFileType = file.storyboard; name = Base; path = Base.lproj/LaunchScreen.storyboard; sourceTree = "<group>"; };
		325E78701D59C22300BF53B4 /* Info.plist */ = {isa = PBXFileReference; lastKnownFileType = text.plist.xml; path = Info.plist; sourceTree = "<group>"; };
		325F571E1D59C74700D9AA89 /* Trials of the Secret Garden tvOS.app */ = {isa = PBXFileReference; explicitFileType = wrapper.application; includeInIndex = 0; path = "Trials of the Secret Garden tvOS.app"; sourceTree = BUILT_PRODUCTS_DIR; };
		325F57201D59C74700D9AA89 /* AppDelegate.swift */ = {isa = PBXFileReference; lastKnownFileType = sourcecode.swift; path = AppDelegate.swift; sourceTree = "<group>"; };
		325F57221D59C74700D9AA89 /* GameScene.sks */ = {isa = PBXFileReference; lastKnownFileType = file.sks; path = GameScene.sks; sourceTree = "<group>"; };
		325F57241D59C74700D9AA89 /* GameScene.swift */ = {isa = PBXFileReference; lastKnownFileType = sourcecode.swift; path = GameScene.swift; sourceTree = "<group>"; };
		325F57261D59C74700D9AA89 /* GameViewController.swift */ = {isa = PBXFileReference; lastKnownFileType = sourcecode.swift; path = GameViewController.swift; sourceTree = "<group>"; };
		325F57281D59C74700D9AA89 /* Game.xcassets */ = {isa = PBXFileReference; lastKnownFileType = folder.assetcatalog; path = Game.xcassets; sourceTree = "<group>"; };
		325F572B1D59C74700D9AA89 /* Base */ = {isa = PBXFileReference; lastKnownFileType = file.storyboard; name = Base; path = Base.lproj/Main.storyboard; sourceTree = "<group>"; };
		325F572D1D59C74800D9AA89 /* Assets.xcassets */ = {isa = PBXFileReference; lastKnownFileType = folder.assetcatalog; path = Assets.xcassets; sourceTree = "<group>"; };
		325F572F1D59C74800D9AA89 /* Info.plist */ = {isa = PBXFileReference; lastKnownFileType = text.plist.xml; path = Info.plist; sourceTree = "<group>"; };
		32E1B7361D59C4CC0014AA26 /* Trials of the Secret Garden OSX.app */ = {isa = PBXFileReference; explicitFileType = wrapper.application; includeInIndex = 0; path = "Trials of the Secret Garden OSX.app"; sourceTree = BUILT_PRODUCTS_DIR; };
		32E1B7381D59C4CC0014AA26 /* AppDelegate.swift */ = {isa = PBXFileReference; lastKnownFileType = sourcecode.swift; path = AppDelegate.swift; sourceTree = "<group>"; };
		32E1B73A1D59C4CC0014AA26 /* GameScene.swift */ = {isa = PBXFileReference; lastKnownFileType = sourcecode.swift; path = GameScene.swift; sourceTree = "<group>"; };
		32E1B73C1D59C4CC0014AA26 /* GameScene.sks */ = {isa = PBXFileReference; lastKnownFileType = file.sks; path = GameScene.sks; sourceTree = "<group>"; };
		32E1B73E1D59C4CC0014AA26 /* Assets.xcassets */ = {isa = PBXFileReference; lastKnownFileType = folder.assetcatalog; path = Assets.xcassets; sourceTree = "<group>"; };
		32E1B7411D59C4CC0014AA26 /* Base */ = {isa = PBXFileReference; lastKnownFileType = file.xib; name = Base; path = Base.lproj/MainMenu.xib; sourceTree = "<group>"; };
		32E1B7431D59C4CC0014AA26 /* Info.plist */ = {isa = PBXFileReference; lastKnownFileType = text.plist.xml; path = Info.plist; sourceTree = "<group>"; };
/* End PBXFileReference section */

/* Begin PBXFrameworksBuildPhase section */
		325E785A1D59C22300BF53B4 /* Frameworks */ = {
			isa = PBXFrameworksBuildPhase;
			buildActionMask = 2147483647;
			files = (
			);
			runOnlyForDeploymentPostprocessing = 0;
		};
		325F571B1D59C74700D9AA89 /* Frameworks */ = {
			isa = PBXFrameworksBuildPhase;
			buildActionMask = 2147483647;
			files = (
			);
			runOnlyForDeploymentPostprocessing = 0;
		};
		32E1B7331D59C4CC0014AA26 /* Frameworks */ = {
			isa = PBXFrameworksBuildPhase;
			buildActionMask = 2147483647;
			files = (
			);
			runOnlyForDeploymentPostprocessing = 0;
		};
/* End PBXFrameworksBuildPhase section */

/* Begin PBXGroup section */
		325E78541D59C22300BF53B4 = {
			isa = PBXGroup;
			children = (
				325E785F1D59C22300BF53B4 /* Trials of the Secret Garden */,
				32E1B7371D59C4CC0014AA26 /* Trials of the Secret Garden OSX */,
				325F571F1D59C74700D9AA89 /* Trials of the Secret Garden tvOS */,
				325E785E1D59C22300BF53B4 /* Products */,
			);
			sourceTree = "<group>";
		};
		325E785E1D59C22300BF53B4 /* Products */ = {
			isa = PBXGroup;
			children = (
				325E785D1D59C22300BF53B4 /* Trials of the Secret Garden.app */,
				32E1B7361D59C4CC0014AA26 /* Trials of the Secret Garden OSX.app */,
				325F571E1D59C74700D9AA89 /* Trials of the Secret Garden tvOS.app */,
			);
			name = Products;
			sourceTree = "<group>";
		};
		325E785F1D59C22300BF53B4 /* Trials of the Secret Garden */ = {
			isa = PBXGroup;
			children = (
				325E78601D59C22300BF53B4 /* AppDelegate.swift */,
				325E78621D59C22300BF53B4 /* GameScene.sks */,
				325E78641D59C22300BF53B4 /* GameScene.swift */,
				325E78661D59C22300BF53B4 /* GameViewController.swift */,
				325E78681D59C22300BF53B4 /* Main.storyboard */,
				325E786B1D59C22300BF53B4 /* Assets.xcassets */,
				325E786D1D59C22300BF53B4 /* LaunchScreen.storyboard */,
				325E78701D59C22300BF53B4 /* Info.plist */,
			);
			path = "Trials of the Secret Garden";
			sourceTree = "<group>";
		};
		325F571F1D59C74700D9AA89 /* Trials of the Secret Garden tvOS */ = {
			isa = PBXGroup;
			children = (
				325F57201D59C74700D9AA89 /* AppDelegate.swift */,
				325F57221D59C74700D9AA89 /* GameScene.sks */,
				325F57241D59C74700D9AA89 /* GameScene.swift */,
				325F57261D59C74700D9AA89 /* GameViewController.swift */,
				325F57281D59C74700D9AA89 /* Game.xcassets */,
				325F572A1D59C74700D9AA89 /* Main.storyboard */,
				325F572D1D59C74800D9AA89 /* Assets.xcassets */,
				325F572F1D59C74800D9AA89 /* Info.plist */,
			);
			path = "Trials of the Secret Garden tvOS";
			sourceTree = "<group>";
		};
		32E1B7371D59C4CC0014AA26 /* Trials of the Secret Garden OSX */ = {
			isa = PBXGroup;
			children = (
				32E1B7381D59C4CC0014AA26 /* AppDelegate.swift */,
				32E1B73A1D59C4CC0014AA26 /* GameScene.swift */,
				32E1B73C1D59C4CC0014AA26 /* GameScene.sks */,
				32E1B73E1D59C4CC0014AA26 /* Assets.xcassets */,
				32E1B7401D59C4CC0014AA26 /* MainMenu.xib */,
				32E1B7431D59C4CC0014AA26 /* Info.plist */,
			);
			path = "Trials of the Secret Garden OSX";
			sourceTree = "<group>";
		};
/* End PBXGroup section */

/* Begin PBXNativeTarget section */
		325E785C1D59C22300BF53B4 /* Trials of the Secret Garden */ = {
			isa = PBXNativeTarget;
			buildConfigurationList = 325E78731D59C22300BF53B4 /* Build configuration list for PBXNativeTarget "Trials of the Secret Garden" */;
			buildPhases = (
				325E78591D59C22300BF53B4 /* Sources */,
				325E785A1D59C22300BF53B4 /* Frameworks */,
				325E785B1D59C22300BF53B4 /* Resources */,
			);
			buildRules = (
			);
			dependencies = (
			);
			name = "Trials of the Secret Garden";
			productName = "Trials of the Secret Garden";
			productReference = 325E785D1D59C22300BF53B4 /* Trials of the Secret Garden.app */;
			productType = "com.apple.product-type.application";
		};
		325F571D1D59C74700D9AA89 /* Trials of the Secret Garden tvOS */ = {
			isa = PBXNativeTarget;
			buildConfigurationList = 325F57321D59C74800D9AA89 /* Build configuration list for PBXNativeTarget "Trials of the Secret Garden tvOS" */;
			buildPhases = (
				325F571A1D59C74700D9AA89 /* Sources */,
				325F571B1D59C74700D9AA89 /* Frameworks */,
				325F571C1D59C74700D9AA89 /* Resources */,
			);
			buildRules = (
			);
			dependencies = (
			);
			name = "Trials of the Secret Garden tvOS";
			productName = "Trials of the Secret Garden tvOS";
			productReference = 325F571E1D59C74700D9AA89 /* Trials of the Secret Garden tvOS.app */;
			productType = "com.apple.product-type.application";
		};
		32E1B7351D59C4CC0014AA26 /* Trials of the Secret Garden OSX */ = {
			isa = PBXNativeTarget;
			buildConfigurationList = 32E1B7461D59C4CC0014AA26 /* Build configuration list for PBXNativeTarget "Trials of the Secret Garden OSX" */;
			buildPhases = (
				32E1B7321D59C4CC0014AA26 /* Sources */,
				32E1B7331D59C4CC0014AA26 /* Frameworks */,
				32E1B7341D59C4CC0014AA26 /* Resources */,
			);
			buildRules = (
			);
			dependencies = (
			);
			name = "Trials of the Secret Garden OSX";
			productName = "Trials of the Secret Garden OSX";
			productReference = 32E1B7361D59C4CC0014AA26 /* Trials of the Secret Garden OSX.app */;
			productType = "com.apple.product-type.application";
		};
/* End PBXNativeTarget section */

/* Begin PBXProject section */
		325E78551D59C22300BF53B4 /* Project object */ = {
			isa = PBXProject;
			attributes = {
				LastSwiftUpdateCheck = 0730;
				LastUpgradeCheck = 0730;
				ORGANIZATIONNAME = "Yixiong Fang";
				TargetAttributes = {
					325E785C1D59C22300BF53B4 = {
						CreatedOnToolsVersion = 7.3.1;
						DevelopmentTeam = 2Z347X3J25;
					};
					325F571D1D59C74700D9AA89 = {
						CreatedOnToolsVersion = 7.3.1;
						DevelopmentTeam = 2Z347X3J25;
					};
					32E1B7351D59C4CC0014AA26 = {
						CreatedOnToolsVersion = 7.3.1;
					};
				};
			};
			buildConfigurationList = 325E78581D59C22300BF53B4 /* Build configuration list for PBXProject "Trials of the Secret Garden" */;
			compatibilityVersion = "Xcode 3.2";
			developmentRegion = English;
			hasScannedForEncodings = 0;
			knownRegions = (
				en,
				Base,
			);
			mainGroup = 325E78541D59C22300BF53B4;
			productRefGroup = 325E785E1D59C22300BF53B4 /* Products */;
			projectDirPath = "";
			projectRoot = "";
			targets = (
				325E785C1D59C22300BF53B4 /* Trials of the Secret Garden */,
				32E1B7351D59C4CC0014AA26 /* Trials of the Secret Garden OSX */,
				325F571D1D59C74700D9AA89 /* Trials of the Secret Garden tvOS */,
			);
		};
/* End PBXProject section */

/* Begin PBXResourcesBuildPhase section */
		325E785B1D59C22300BF53B4 /* Resources */ = {
			isa = PBXResourcesBuildPhase;
			buildActionMask = 2147483647;
			files = (
				325E78631D59C22300BF53B4 /* GameScene.sks in Resources */,
				325E786F1D59C22300BF53B4 /* LaunchScreen.storyboard in Resources */,
				325E786C1D59C22300BF53B4 /* Assets.xcassets in Resources */,
				325E786A1D59C22300BF53B4 /* Main.storyboard in Resources */,
			);
			runOnlyForDeploymentPostprocessing = 0;
		};
		325F571C1D59C74700D9AA89 /* Resources */ = {
			isa = PBXResourcesBuildPhase;
			buildActionMask = 2147483647;
			files = (
				325F572C1D59C74700D9AA89 /* Main.storyboard in Resources */,
				325F57231D59C74700D9AA89 /* GameScene.sks in Resources */,
				325F572E1D59C74800D9AA89 /* Assets.xcassets in Resources */,
				325F57291D59C74700D9AA89 /* Game.xcassets in Resources */,
			);
			runOnlyForDeploymentPostprocessing = 0;
		};
		32E1B7341D59C4CC0014AA26 /* Resources */ = {
			isa = PBXResourcesBuildPhase;
			buildActionMask = 2147483647;
			files = (
				32E1B73F1D59C4CC0014AA26 /* Assets.xcassets in Resources */,
				32E1B73D1D59C4CC0014AA26 /* GameScene.sks in Resources */,
				32E1B7421D59C4CC0014AA26 /* MainMenu.xib in Resources */,
			);
			runOnlyForDeploymentPostprocessing = 0;
		};
/* End PBXResourcesBuildPhase section */

/* Begin PBXSourcesBuildPhase section */
		325E78591D59C22300BF53B4 /* Sources */ = {
			isa = PBXSourcesBuildPhase;
			buildActionMask = 2147483647;
			files = (
				325E78651D59C22300BF53B4 /* GameScene.swift in Sources */,
				325E78671D59C22300BF53B4 /* GameViewController.swift in Sources */,
				325E78611D59C22300BF53B4 /* AppDelegate.swift in Sources */,
			);
			runOnlyForDeploymentPostprocessing = 0;
		};
		325F571A1D59C74700D9AA89 /* Sources */ = {
			isa = PBXSourcesBuildPhase;
			buildActionMask = 2147483647;
			files = (
				325F57251D59C74700D9AA89 /* GameScene.swift in Sources */,
				325F57271D59C74700D9AA89 /* GameViewController.swift in Sources */,
				325F57211D59C74700D9AA89 /* AppDelegate.swift in Sources */,
			);
			runOnlyForDeploymentPostprocessing = 0;
		};
		32E1B7321D59C4CC0014AA26 /* Sources */ = {
			isa = PBXSourcesBuildPhase;
			buildActionMask = 2147483647;
			files = (
				32E1B73B1D59C4CC0014AA26 /* GameScene.swift in Sources */,
				32E1B7391D59C4CC0014AA26 /* AppDelegate.swift in Sources */,
			);
			runOnlyForDeploymentPostprocessing = 0;
		};
/* End PBXSourcesBuildPhase section */

/* Begin PBXVariantGroup section */
		325E78681D59C22300BF53B4 /* Main.storyboard */ = {
			isa = PBXVariantGroup;
			children = (
				325E78691D59C22300BF53B4 /* Base */,
			);
			name = Main.storyboard;
			sourceTree = "<group>";
		};
		325E786D1D59C22300BF53B4 /* LaunchScreen.storyboard */ = {
			isa = PBXVariantGroup;
			children = (
				325E786E1D59C22300BF53B4 /* Base */,
			);
			name = LaunchScreen.storyboard;
			sourceTree = "<group>";
		};
		325F572A1D59C74700D9AA89 /* Main.storyboard */ = {
			isa = PBXVariantGroup;
			children = (
				325F572B1D59C74700D9AA89 /* Base */,
			);
			name = Main.storyboard;
			sourceTree = "<group>";
		};
		32E1B7401D59C4CC0014AA26 /* MainMenu.xib */ = {
			isa = PBXVariantGroup;
			children = (
				32E1B7411D59C4CC0014AA26 /* Base */,
			);
			name = MainMenu.xib;
			sourceTree = "<group>";
		};
/* End PBXVariantGroup section */

/* Begin XCBuildConfiguration section */
		325E78711D59C22300BF53B4 /* Debug */ = {
			isa = XCBuildConfiguration;
			buildSettings = {
				ALWAYS_SEARCH_USER_PATHS = NO;
				CLANG_ANALYZER_NONNULL = YES;
				CLANG_CXX_LANGUAGE_STANDARD = "gnu++0x";
				CLANG_CXX_LIBRARY = "libc++";
				CLANG_ENABLE_MODULES = YES;
				CLANG_ENABLE_OBJC_ARC = YES;
				CLANG_WARN_BOOL_CONVERSION = YES;
				CLANG_WARN_CONSTANT_CONVERSION = YES;
				CLANG_WARN_DIRECT_OBJC_ISA_USAGE = YES_ERROR;
				CLANG_WARN_EMPTY_BODY = YES;
				CLANG_WARN_ENUM_CONVERSION = YES;
				CLANG_WARN_INT_CONVERSION = YES;
				CLANG_WARN_OBJC_ROOT_CLASS = YES_ERROR;
				CLANG_WARN_UNREACHABLE_CODE = YES;
				CLANG_WARN__DUPLICATE_METHOD_MATCH = YES;
				"CODE_SIGN_IDENTITY[sdk=iphoneos*]" = "iPhone Developer";
				COPY_PHASE_STRIP = NO;
				DEBUG_INFORMATION_FORMAT = "dwarf-with-dsym";
				ENABLE_STRICT_OBJC_MSGSEND = YES;
				ENABLE_TESTABILITY = YES;
				GCC_C_LANGUAGE_STANDARD = gnu99;
				GCC_DYNAMIC_NO_PIC = NO;
				GCC_NO_COMMON_BLOCKS = YES;
				GCC_OPTIMIZATION_LEVEL = 0;
				GCC_PREPROCESSOR_DEFINITIONS = (
					"DEBUG=1",
					"$(inherited)",
				);
				GCC_WARN_64_TO_32_BIT_CONVERSION = YES;
				GCC_WARN_ABOUT_RETURN_TYPE = YES_ERROR;
				GCC_WARN_UNDECLARED_SELECTOR = YES;
				GCC_WARN_UNINITIALIZED_AUTOS = YES_AGGRESSIVE;
				GCC_WARN_UNUSED_FUNCTION = YES;
				GCC_WARN_UNUSED_VARIABLE = YES;
				IPHONEOS_DEPLOYMENT_TARGET = 9.3;
				MTL_ENABLE_DEBUG_INFO = YES;
				ONLY_ACTIVE_ARCH = YES;
				SDKROOT = iphoneos;
				SWIFT_OPTIMIZATION_LEVEL = "-Onone";
				TARGETED_DEVICE_FAMILY = "1,2";
			};
			name = Debug;
		};
		325E78721D59C22300BF53B4 /* Release */ = {
			isa = XCBuildConfiguration;
			buildSettings = {
				ALWAYS_SEARCH_USER_PATHS = NO;
				CLANG_ANALYZER_NONNULL = YES;
				CLANG_CXX_LANGUAGE_STANDARD = "gnu++0x";
				CLANG_CXX_LIBRARY = "libc++";
				CLANG_ENABLE_MODULES = YES;
				CLANG_ENABLE_OBJC_ARC = YES;
				CLANG_WARN_BOOL_CONVERSION = YES;
				CLANG_WARN_CONSTANT_CONVERSION = YES;
				CLANG_WARN_DIRECT_OBJC_ISA_USAGE = YES_ERROR;
				CLANG_WARN_EMPTY_BODY = YES;
				CLANG_WARN_ENUM_CONVERSION = YES;
				CLANG_WARN_INT_CONVERSION = YES;
				CLANG_WARN_OBJC_ROOT_CLASS = YES_ERROR;
				CLANG_WARN_UNREACHABLE_CODE = YES;
				CLANG_WARN__DUPLICATE_METHOD_MATCH = YES;
				"CODE_SIGN_IDENTITY[sdk=iphoneos*]" = "iPhone Developer";
				COPY_PHASE_STRIP = NO;
				DEBUG_INFORMATION_FORMAT = "dwarf-with-dsym";
				ENABLE_NS_ASSERTIONS = NO;
				ENABLE_STRICT_OBJC_MSGSEND = YES;
				GCC_C_LANGUAGE_STANDARD = gnu99;
				GCC_NO_COMMON_BLOCKS = YES;
				GCC_WARN_64_TO_32_BIT_CONVERSION = YES;
				GCC_WARN_ABOUT_RETURN_TYPE = YES_ERROR;
				GCC_WARN_UNDECLARED_SELECTOR = YES;
				GCC_WARN_UNINITIALIZED_AUTOS = YES_AGGRESSIVE;
				GCC_WARN_UNUSED_FUNCTION = YES;
				GCC_WARN_UNUSED_VARIABLE = YES;
				IPHONEOS_DEPLOYMENT_TARGET = 9.3;
				MTL_ENABLE_DEBUG_INFO = NO;
				SDKROOT = iphoneos;
				TARGETED_DEVICE_FAMILY = "1,2";
				VALIDATE_PRODUCT = YES;
			};
			name = Release;
		};
		325E78741D59C22300BF53B4 /* Debug */ = {
			isa = XCBuildConfiguration;
			buildSettings = {
				ASSETCATALOG_COMPILER_APPICON_NAME = AppIcon;
				INFOPLIST_FILE = "Trials of the Secret Garden/Info.plist";
				LD_RUNPATH_SEARCH_PATHS = "$(inherited) @executable_path/Frameworks";
				PRODUCT_BUNDLE_IDENTIFIER = "com.iosinit.Trials-of-the-Secret-Garden";
				PRODUCT_NAME = "$(TARGET_NAME)";
			};
			name = Debug;
		};
		325E78751D59C22300BF53B4 /* Release */ = {
			isa = XCBuildConfiguration;
			buildSettings = {
				ASSETCATALOG_COMPILER_APPICON_NAME = AppIcon;
				INFOPLIST_FILE = "Trials of the Secret Garden/Info.plist";
				LD_RUNPATH_SEARCH_PATHS = "$(inherited) @executable_path/Frameworks";
				PRODUCT_BUNDLE_IDENTIFIER = "com.iosinit.Trials-of-the-Secret-Garden";
				PRODUCT_NAME = "$(TARGET_NAME)";
			};
			name = Release;
		};
		325F57301D59C74800D9AA89 /* Debug */ = {
			isa = XCBuildConfiguration;
			buildSettings = {
				ASSETCATALOG_COMPILER_APPICON_NAME = "App Icon & Top Shelf Image";
				ASSETCATALOG_COMPILER_LAUNCHIMAGE_NAME = LaunchImage;
				INFOPLIST_FILE = "Trials of the Secret Garden tvOS/Info.plist";
				LD_RUNPATH_SEARCH_PATHS = "$(inherited) @executable_path/Frameworks";
				PRODUCT_BUNDLE_IDENTIFIER = "com.iosinit.Trials-of-the-Secret-Garden-tvOS";
				PRODUCT_NAME = "$(TARGET_NAME)";
				SDKROOT = appletvos;
				TARGETED_DEVICE_FAMILY = 3;
				TVOS_DEPLOYMENT_TARGET = 9.2;
			};
			name = Debug;
		};
		325F57311D59C74800D9AA89 /* Release */ = {
			isa = XCBuildConfiguration;
			buildSettings = {
				ASSETCATALOG_COMPILER_APPICON_NAME = "App Icon & Top Shelf Image";
				ASSETCATALOG_COMPILER_LAUNCHIMAGE_NAME = LaunchImage;
				INFOPLIST_FILE = "Trials of the Secret Garden tvOS/Info.plist";
				LD_RUNPATH_SEARCH_PATHS = "$(inherited) @executable_path/Frameworks";
				PRODUCT_BUNDLE_IDENTIFIER = "com.iosinit.Trials-of-the-Secret-Garden-tvOS";
				PRODUCT_NAME = "$(TARGET_NAME)";
				SDKROOT = appletvos;
				TARGETED_DEVICE_FAMILY = 3;
				TVOS_DEPLOYMENT_TARGET = 9.2;
			};
			name = Release;
		};
		32E1B7441D59C4CC0014AA26 /* Debug */ = {
			isa = XCBuildConfiguration;
			buildSettings = {
				ASSETCATALOG_COMPILER_APPICON_NAME = AppIcon;
				CODE_SIGN_IDENTITY = "-";
				COMBINE_HIDPI_IMAGES = YES;
				INFOPLIST_FILE = "Trials of the Secret Garden OSX/Info.plist";
				LD_RUNPATH_SEARCH_PATHS = "$(inherited) @executable_path/../Frameworks";
				MACOSX_DEPLOYMENT_TARGET = 10.11;
				PRODUCT_BUNDLE_IDENTIFIER = "com.iosinit.Trials-of-the-Secret-Garden-OSX";
				PRODUCT_NAME = "$(TARGET_NAME)";
				SDKROOT = macosx;
			};
			name = Debug;
		};
		32E1B7451D59C4CC0014AA26 /* Release */ = {
			isa = XCBuildConfiguration;
			buildSettings = {
				ASSETCATALOG_COMPILER_APPICON_NAME = AppIcon;
				CODE_SIGN_IDENTITY = "-";
				COMBINE_HIDPI_IMAGES = YES;
				INFOPLIST_FILE = "Trials of the Secret Garden OSX/Info.plist";
				LD_RUNPATH_SEARCH_PATHS = "$(inherited) @executable_path/../Frameworks";
				MACOSX_DEPLOYMENT_TARGET = 10.11;
				PRODUCT_BUNDLE_IDENTIFIER = "com.iosinit.Trials-of-the-Secret-Garden-OSX";
				PRODUCT_NAME = "$(TARGET_NAME)";
				SDKROOT = macosx;
			};
			name = Release;
		};
/* End XCBuildConfiguration section */

/* Begin XCConfigurationList section */
		325E78581D59C22300BF53B4 /* Build configuration list for PBXProject "Trials of the Secret Garden" */ = {
			isa = XCConfigurationList;
			buildConfigurations = (
				325E78711D59C22300BF53B4 /* Debug */,
				325E78721D59C22300BF53B4 /* Release */,
			);
			defaultConfigurationIsVisible = 0;
			defaultConfigurationName = Release;
		};
		325E78731D59C22300BF53B4 /* Build configuration list for PBXNativeTarget "Trials of the Secret Garden" */ = {
			isa = XCConfigurationList;
			buildConfigurations = (
				325E78741D59C22300BF53B4 /* Debug */,
				325E78751D59C22300BF53B4 /* Release */,
			);
			defaultConfigurationIsVisible = 0;
			defaultConfigurationName = Release;
		};
		325F57321D59C74800D9AA89 /* Build configuration list for PBXNativeTarget "Trials of the Secret Garden tvOS" */ = {
			isa = XCConfigurationList;
			buildConfigurations = (
				325F57301D59C74800D9AA89 /* Debug */,
				325F57311D59C74800D9AA89 /* Release */,
			);
			defaultConfigurationIsVisible = 0;
		};
		32E1B7461D59C4CC0014AA26 /* Build configuration list for PBXNativeTarget "Trials of the Secret Garden OSX" */ = {
			isa = XCConfigurationList;
			buildConfigurations = (
				32E1B7441D59C4CC0014AA26 /* Debug */,
				32E1B7451D59C4CC0014AA26 /* Release */,
			);
			defaultConfigurationIsVisible = 0;
			defaultConfigurationName = Release;
		};
/* End XCConfigurationList section */
	};
	rootObject = 325E78551D59C22300BF53B4 /* Project object */;
}
